
Microsoft Visual Studio Solution File, Format Version 12.00
# Visual Studio Version 17
VisualStudioVersion = 17.8.34330.188
MinimumVisualStudioVersion = 10.0.40219.1
Project("{9A19103F-16F7-4668-BE54-9A1E7A4F7556}") = "TillApp.Server", "TillApp.Server\TillApp.Server.csproj", "{254F6FE7-85F4-406E-8E8E-09AC0D8F8282}"
EndProject
Project("{9A19103F-16F7-4668-BE54-9A1E7A4F7556}") = "TillApp.Client", "TillApp.Client\TillApp.Client.csproj", "{2F84F88A-6F64-4747-AA5C-E29EA85954D4}"
EndProject
Project("{9A19103F-16F7-4668-BE54-9A1E7A4F7556}") = "TillApp.Shared", "TillApp.Shared\TillApp.Shared.csproj", "{F495D2E6-F5BB-404B-A07C-6236A7DAB14E}"
EndProject
Global
	GlobalSection(SolutionConfigurationPlatforms) = preSolution
		Debug|Any CPU = Debug|Any CPU
		Release|Any CPU = Release|Any CPU
	EndGlobalSection
	GlobalSection(ProjectConfigurationPlatforms) = postSolution
		{254F6FE7-85F4-406E-8E8E-09AC0D8F8282}.Debug|Any CPU.ActiveCfg = Debug|Any CPU
		{254F6FE7-85F4-406E-8E8E-09AC0D8F8282}.Debug|Any CPU.Build.0 = Debug|Any CPU
		{254F6FE7-85F4-406E-8E8E-09AC0D8F8282}.Release|Any CPU.ActiveCfg = Release|Any CPU
		{254F6FE7-85F4-406E-8E8E-09AC0D8F8282}.Release|Any CPU.Build.0 = Release|Any CPU
		{2F84F88A-6F64-4747-AA5C-E29EA85954D4}.Debug|Any CPU.ActiveCfg = Debug|Any CPU
		{2F84F88A-6F64-4747-AA5C-E29EA85954D4}.Debug|Any CPU.Build.0 = Debug|Any CPU
		{2F84F88A-6F64-4747-AA5C-E29EA85954D4}.Release|Any CPU.ActiveCfg = Release|Any CPU
		{2F84F88A-6F64-4747-AA5C-E29EA85954D4}.Release|Any CPU.Build.0 = Release|Any CPU
		{F495D2E6-F5BB-404B-A07C-6236A7DAB14E}.Debug|Any CPU.ActiveCfg = Debug|Any CPU
		{F495D2E6-F5BB-404B-A07C-6236A7DAB14E}.Debug|Any CPU.Build.0 = Debug|Any CPU
		{F495D2E6-F5BB-404B-A07C-6236A7DAB14E}.Release|Any CPU.ActiveCfg = Release|Any CPU
		{F495D2E6-F5BB-404B-A07C-6236A7DAB14E}.Release|Any CPU.Build.0 = Release|Any CPU
	EndGlobalSection
	GlobalSection(SolutionProperties) = preSolution
		HideSolutionNode = FALSE
	EndGlobalSection
	GlobalSection(ExtensibilityGlobals) = postSolution
		SolutionGuid = {0880DF86-7150-4A8B-A8B3-D10449CAA733}
	EndGlobalSection
EndGlobal
